# This file is automatically @generated by Cargo.
# It is not intended for manual editing.
version = 4

[[package]]
name = "aho-corasick"
version = "1.1.3"
source = "registry+https://github.com/rust-lang/crates.io-index"
checksum = "8e60d3430d3a69478ad0993f19238d2df97c507009a52b3c10addcd7f6bcb916"
dependencies = [
 "memchr",
]

[[package]]
name = "arrayvec"
version = "0.7.6"
source = "registry+https://github.com/rust-lang/crates.io-index"
checksum = "7c02d123df017efcdfbd739ef81735b36c5ba83ec3c59c80a9d7ecc718f92e50"

[[package]]
name = "autocfg"
version = "1.4.0"
source = "registry+https://github.com/rust-lang/crates.io-index"
checksum = "ace50bade8e6234aa140d9a2f552bbee1db4d353f69b8217bc503490fc1a9f26"

[[package]]
name = "az"
version = "1.2.1"
source = "registry+https://github.com/rust-lang/crates.io-index"
checksum = "7b7e4c2464d97fe331d41de9d5db0def0a96f4d823b8b32a2efd503578988973"

[[package]]
name = "bare-metal"
version = "0.2.5"
source = "registry+https://github.com/rust-lang/crates.io-index"
checksum = "5deb64efa5bd81e31fcd1938615a6d98c82eafcbcd787162b6f63b91d6bac5b3"
dependencies = [
 "rustc_version",
]

[[package]]
name = "bitfield"
version = "0.13.2"
source = "registry+https://github.com/rust-lang/crates.io-index"
checksum = "46afbd2983a5d5a7bd740ccb198caf5b82f45c40c09c0eed36052d91cb92e719"

[[package]]
name = "bitfield"
version = "0.14.0"
source = "registry+https://github.com/rust-lang/crates.io-index"
checksum = "2d7e60934ceec538daadb9d8432424ed043a904d8e0243f3c6446bce549a46ac"

[[package]]
name = "bitflags"
version = "1.3.2"
source = "registry+https://github.com/rust-lang/crates.io-index"
checksum = "bef38d45163c2f1dde094a7dfd33ccf595c92905c8f8f4fdc18d06fb1037718a"

[[package]]
name = "bitmatch"
version = "0.1.1"
source = "registry+https://github.com/rust-lang/crates.io-index"
checksum = "6a53e105d41966c9b4594b8e3b7cf8e81ae63cc83664880b049af8a11381a3ad"
dependencies = [
 "boolean_expression",
 "proc-macro2",
 "quote",
 "syn 1.0.109",
]

[[package]]
name = "bitvec"
version = "1.0.1"
source = "registry+https://github.com/rust-lang/crates.io-index"
checksum = "1bc2832c24239b0141d5674bb9174f9d68a8b5b3f2753311927c172ca46f7e9c"
dependencies = [
 "funty",
 "radium",
 "tap",
 "wyz",
]

[[package]]
name = "boolean_expression"
version = "0.3.11"
source = "registry+https://github.com/rust-lang/crates.io-index"
checksum = "7c33ef624481a2d2252fd352266c050e83203343d0884622f7ba09782abbfa83"
dependencies = [
 "itertools 0.9.0",
 "smallvec",
]

[[package]]
name = "bytemuck"
version = "1.23.1"
source = "registry+https://github.com/rust-lang/crates.io-index"
checksum = "5c76a5792e44e4abe34d3abf15636779261d45a7450612059293d1d2cfc63422"
dependencies = [
 "bytemuck_derive",
]

[[package]]
name = "bytemuck_derive"
version = "1.9.3"
source = "registry+https://github.com/rust-lang/crates.io-index"
checksum = "7ecc273b49b3205b83d648f0690daa588925572cc5063745bfe547fe7ec8e1a1"
dependencies = [
 "proc-macro2",
 "quote",
 "syn 2.0.102",
]

[[package]]
name = "byteorder"
version = "1.5.0"
source = "registry+https://github.com/rust-lang/crates.io-index"
checksum = "1fd0f2584146f6f2ef48085050886acf353beff7305ebd1ae69500e27c67f64b"

[[package]]
name = "cfg-if"
version = "1.0.1"
source = "registry+https://github.com/rust-lang/crates.io-index"
checksum = "9555578bc9e57714c812a1f84e4fc5b4d21fcb063490c624de019f7464c91268"

[[package]]
name = "cortex-m"
version = "0.7.7"
source = "registry+https://github.com/rust-lang/crates.io-index"
checksum = "8ec610d8f49840a5b376c69663b6369e71f4b34484b9b2eb29fb918d92516cb9"
dependencies = [
 "bare-metal",
 "bitfield 0.13.2",
 "embedded-hal 0.2.7",
 "volatile-register",
]

[[package]]
name = "cortex-m-rt"
version = "0.7.5"
source = "registry+https://github.com/rust-lang/crates.io-index"
checksum = "801d4dec46b34c299ccf6b036717ae0fce602faa4f4fe816d9013b9a7c9f5ba6"
dependencies = [
 "cortex-m-rt-macros",
]

[[package]]
name = "cortex-m-rt-macros"
version = "0.7.5"
source = "registry+https://github.com/rust-lang/crates.io-index"
checksum = "e37549a379a9e0e6e576fd208ee60394ccb8be963889eebba3ffe0980364f472"
dependencies = [
 "proc-macro2",
 "quote",
 "syn 2.0.102",
]

[[package]]
name = "crc-any"
version = "2.5.0"
source = "registry+https://github.com/rust-lang/crates.io-index"
checksum = "a62ec9ff5f7965e4d7280bd5482acd20aadb50d632cf6c1d74493856b011fa73"
dependencies = [
 "debug-helper",
]

[[package]]
name = "critical-section"
version = "1.2.0"
source = "registry+https://github.com/rust-lang/crates.io-index"
checksum = "790eea4361631c5e7d22598ecd5723ff611904e3344ce8720784c93e3d83d40b"

[[package]]
name = "crunchy"
version = "0.2.3"
source = "registry+https://github.com/rust-lang/crates.io-index"
checksum = "43da5946c66ffcc7745f48db692ffbb10a83bfe0afd96235c5c2a4fb23994929"

[[package]]
name = "debug-helper"
version = "0.3.13"
source = "registry+https://github.com/rust-lang/crates.io-index"
checksum = "f578e8e2c440e7297e008bb5486a3a8a194775224bbc23729b0dbdfaeebf162e"

[[package]]
name = "defmt"
version = "1.0.1"
source = "registry+https://github.com/rust-lang/crates.io-index"
checksum = "548d977b6da32fa1d1fda2876453da1e7df63ad0304c8b3dae4dbe7b96f39b78"
dependencies = [
 "bitflags",
 "defmt-macros",
]

[[package]]
name = "defmt-macros"
version = "1.0.1"
source = "registry+https://github.com/rust-lang/crates.io-index"
checksum = "3d4fc12a85bcf441cfe44344c4b72d58493178ce635338a3f3b78943aceb258e"
dependencies = [
 "defmt-parser",
 "proc-macro-error2",
 "proc-macro2",
 "quote",
 "syn 2.0.102",
]

[[package]]
name = "defmt-parser"
version = "1.0.0"
source = "registry+https://github.com/rust-lang/crates.io-index"
checksum = "10d60334b3b2e7c9d91ef8150abfb6fa4c1c39ebbcf4a81c2e346aad939fee3e"
dependencies = [
 "thiserror",
]

[[package]]
name = "defmt-rtt"
version = "1.0.0"
source = "registry+https://github.com/rust-lang/crates.io-index"
checksum = "b2cac3b8a5644a9e02b75085ebad3b6deafdbdbdec04bb25086523828aa4dfd1"
dependencies = [
 "critical-section",
 "defmt",
]

[[package]]
name = "either"
version = "1.15.0"
source = "registry+https://github.com/rust-lang/crates.io-index"
checksum = "48c757948c5ede0e46177b7add2e67155f70e33c07fea8284df6576da70b3719"

[[package]]
name = "embedded-dma"
version = "0.2.0"
source = "registry+https://github.com/rust-lang/crates.io-index"
checksum = "994f7e5b5cb23521c22304927195f236813053eb9c065dd2226a32ba64695446"
dependencies = [
 "stable_deref_trait",
]

[[package]]
name = "embedded-graphics"
version = "0.8.1"
source = "registry+https://github.com/rust-lang/crates.io-index"
checksum = "0649998afacf6d575d126d83e68b78c0ab0e00ca2ac7e9b3db11b4cbe8274ef0"
dependencies = [
 "az",
 "byteorder",
 "embedded-graphics-core",
 "fixed",
 "float-cmp",
 "micromath",
]

[[package]]
name = "embedded-graphics-core"
version = "0.4.0"
source = "registry+https://github.com/rust-lang/crates.io-index"
checksum = "ba9ecd261f991856250d2207f6d8376946cd9f412a2165d3b75bc87a0bc7a044"
dependencies = [
 "az",
 "byteorder",
]

[[package]]
name = "embedded-graphics-framebuf"
version = "0.5.0"
source = "registry+https://github.com/rust-lang/crates.io-index"
checksum = "22354420f68727fa24d1e2741dae1e9a041065e80fb63b35a8d19c647a85be76"
dependencies = [
 "embedded-dma",
 "embedded-graphics",
]

[[package]]
name = "embedded-hal"
version = "0.2.7"
source = "registry+https://github.com/rust-lang/crates.io-index"
checksum = "35949884794ad573cf46071e41c9b60efb0cb311e3ca01f7af807af1debc66ff"
dependencies = [
 "nb 0.1.3",
 "void",
]

[[package]]
name = "embedded-hal"
version = "1.0.0"
source = "registry+https://github.com/rust-lang/crates.io-index"
checksum = "361a90feb7004eca4019fb28352a9465666b24f840f5c3cddf0ff13920590b89"

[[package]]
name = "embedded-hal-async"
version = "1.0.0"
source = "registry+https://github.com/rust-lang/crates.io-index"
checksum = "0c4c685bbef7fe13c3c6dd4da26841ed3980ef33e841cddfa15ce8a8fb3f1884"
dependencies = [
 "embedded-hal 1.0.0",
]

[[package]]
name = "embedded-hal-nb"
version = "1.0.0"
source = "registry+https://github.com/rust-lang/crates.io-index"
checksum = "fba4268c14288c828995299e59b12babdbe170f6c6d73731af1b4648142e8605"
dependencies = [
 "embedded-hal 1.0.0",
 "nb 1.1.0",
]

[[package]]
name = "embedded-io"
version = "0.6.1"
source = "registry+https://github.com/rust-lang/crates.io-index"
checksum = "edd0f118536f44f5ccd48bcb8b111bdc3de888b58c74639dfb034a357d0f206d"

[[package]]
name = "fixed"
version = "1.29.0"
source = "registry+https://github.com/rust-lang/crates.io-index"
checksum = "707070ccf8c4173548210893a0186e29c266901b71ed20cd9e2ca0193dfe95c3"
dependencies = [
 "az",
 "bytemuck",
 "half",
 "typenum",
]

[[package]]
name = "float-cmp"
version = "0.9.0"
source = "registry+https://github.com/rust-lang/crates.io-index"
checksum = "98de4bbd547a563b716d8dfa9aad1cb19bfab00f4fa09a6a4ed21dbcf44ce9c4"
dependencies = [
 "num-traits",
]

[[package]]
name = "font-types"
version = "0.9.0"
source = "registry+https://github.com/rust-lang/crates.io-index"
checksum = "02a596f5713680923a2080d86de50fe472fb290693cf0f701187a1c8b36996b7"
dependencies = [
 "bytemuck",
]

[[package]]
name = "frunk"
version = "0.4.3"
source = "registry+https://github.com/rust-lang/crates.io-index"
checksum = "874b6a17738fc273ec753618bac60ddaeac48cb1d7684c3e7bd472e57a28b817"
dependencies = [
 "frunk_core",
 "frunk_derives",
]

[[package]]
name = "frunk_core"
version = "0.4.3"
source = "registry+https://github.com/rust-lang/crates.io-index"
checksum = "3529a07095650187788833d585c219761114005d5976185760cf794d265b6a5c"

[[package]]
name = "frunk_derives"
version = "0.4.3"
source = "registry+https://github.com/rust-lang/crates.io-index"
checksum = "e99b8b3c28ae0e84b604c75f721c21dc77afb3706076af5e8216d15fd1deaae3"
dependencies = [
 "frunk_proc_macro_helpers",
 "quote",
 "syn 2.0.102",
]

[[package]]
name = "frunk_proc_macro_helpers"
version = "0.1.3"
source = "registry+https://github.com/rust-lang/crates.io-index"
checksum = "05a956ef36c377977e512e227dcad20f68c2786ac7a54dacece3746046fea5ce"
dependencies = [
 "frunk_core",
 "proc-macro2",
 "quote",
 "syn 2.0.102",
]

[[package]]
name = "fugit"
version = "0.3.7"
source = "registry+https://github.com/rust-lang/crates.io-index"
checksum = "17186ad64927d5ac8f02c1e77ccefa08ccd9eaa314d5a4772278aa204a22f7e7"
dependencies = [
 "gcd",
]

[[package]]
name = "funty"
version = "2.0.0"
source = "registry+https://github.com/rust-lang/crates.io-index"
checksum = "e6d5a32815ae3f33302d95fdcb2ce17862f8c65363dcfd29360480ba1001fc9c"

[[package]]
name = "gcd"
version = "2.3.0"
source = "registry+https://github.com/rust-lang/crates.io-index"
checksum = "1d758ba1b47b00caf47f24925c0074ecb20d6dfcffe7f6d53395c0465674841a"

[[package]]
name = "half"
version = "2.6.0"
source = "registry+https://github.com/rust-lang/crates.io-index"
checksum = "459196ed295495a68f7d7fe1d84f6c4b7ff0e21fe3017b2f283c6fac3ad803c9"
dependencies = [
 "cfg-if",
 "crunchy",
]

[[package]]
name = "hash32"
version = "0.3.1"
source = "registry+https://github.com/rust-lang/crates.io-index"
checksum = "47d60b12902ba28e2730cd37e95b8c9223af2808df9e902d4df49588d1470606"
dependencies = [
 "byteorder",
]

[[package]]
name = "heapless"
version = "0.8.0"
source = "registry+https://github.com/rust-lang/crates.io-index"
checksum = "0bfb9eb618601c89945a70e254898da93b13be0388091d42117462b265bb3fad"
dependencies = [
 "hash32",
 "stable_deref_trait",
]

[[package]]
name = "itertools"
version = "0.9.0"
source = "registry+https://github.com/rust-lang/crates.io-index"
checksum = "284f18f85651fe11e8a991b2adb42cb078325c996ed026d994719efcfca1d54b"
dependencies = [
 "either",
]

[[package]]
name = "itertools"
version = "0.10.5"
source = "registry+https://github.com/rust-lang/crates.io-index"
checksum = "b0fd2260e829bddf4cb6ea802289de2f86d6a7a690192fbe91b3f46e0f2c8473"
dependencies = [
 "either",
]

[[package]]
name = "jukebox_firmware"
version = "0.3.1"
dependencies = [
 "cortex-m",
 "cortex-m-rt",
 "defmt",
 "defmt-rtt",
 "embedded-dma",
 "embedded-graphics",
 "embedded-graphics-framebuf",
 "embedded-hal 0.2.7",
 "jukebox_util",
 "mplusfonts",
 "mutually_exclusive_features",
 "panic-probe",
 "pio",
 "ringbuffer",
 "rp2040-boot2",
 "rp2040-flash",
 "rp2040-hal",
 "smart-leds",
 "smart-leds-trait 0.3.1",
 "usb-device",
 "usbd-human-interface-device",
 "usbd-serial",
 "ws2812-pio",
]

[[package]]
name = "jukebox_util"
version = "0.1.0"
dependencies = [
 "bitmatch",
 "defmt",
]

[[package]]
name = "lazy-static-include"
version = "3.2.1"
source = "registry+https://github.com/rust-lang/crates.io-index"
checksum = "67f771f5073e25401d245cf2bfca1e43574ecb1128556213f534a15d751763e3"
dependencies = [
 "lazy_static",
 "manifest-dir-macros",
 "syn 2.0.102",
]

[[package]]
name = "lazy_static"
version = "1.5.0"
source = "registry+https://github.com/rust-lang/crates.io-index"
checksum = "bbd2bcb4c963f2ddae06a2efc7e9f3591312473c50c6685e1f298068316e66fe"

[[package]]
name = "manifest-dir-macros"
version = "0.1.18"
source = "registry+https://github.com/rust-lang/crates.io-index"
checksum = "9c6d40de1ccdbf8bde2eaa0750595478a368f7b3a3f89c426e3454f64e29f593"
dependencies = [
 "once_cell",
 "proc-macro2",
 "quote",
 "syn 2.0.102",
]

[[package]]
name = "memchr"
version = "2.7.5"
source = "registry+https://github.com/rust-lang/crates.io-index"
checksum = "32a282da65faaf38286cf3be983213fcf1d2e2a58700e808f83f4ea9a4804bc0"

[[package]]
name = "micromath"
version = "2.1.0"
source = "registry+https://github.com/rust-lang/crates.io-index"
checksum = "c3c8dda44ff03a2f238717214da50f65d5a53b45cd213a7370424ffdb6fae815"

[[package]]
name = "mplusfonts"
version = "0.1.5"
source = "registry+https://github.com/rust-lang/crates.io-index"
checksum = "35e55a0e8cab2e27c2186a0710b30c1854b962bad9bdc2deed4901ee56ccbf10"
dependencies = [
 "embedded-graphics",
 "mplusfonts-macros",
]

[[package]]
name = "mplusfonts-macros"
version = "0.1.5"
source = "registry+https://github.com/rust-lang/crates.io-index"
checksum = "d7c050296be557e7f18595940dcf18cd6f1f7c1750f9e962876b0d7675e522b0"
dependencies = [
 "lazy-static-include",
 "proc-macro2",
 "quote",
 "regex",
 "swash",
 "syn 2.0.102",
]

[[package]]
name = "mutually_exclusive_features"
version = "0.1.0"
source = "registry+https://github.com/rust-lang/crates.io-index"
checksum = "e94e1e6445d314f972ff7395df2de295fe51b71821694f0b0e1e79c4f12c8577"

[[package]]
name = "nb"
version = "0.1.3"
source = "registry+https://github.com/rust-lang/crates.io-index"
checksum = "801d31da0513b6ec5214e9bf433a77966320625a37860f910be265be6e18d06f"
dependencies = [
 "nb 1.1.0",
]

[[package]]
name = "nb"
version = "1.1.0"
source = "registry+https://github.com/rust-lang/crates.io-index"
checksum = "8d5439c4ad607c3c23abf66de8c8bf57ba8adcd1f129e699851a6e43935d339d"

[[package]]
name = "num-traits"
version = "0.2.19"
source = "registry+https://github.com/rust-lang/crates.io-index"
checksum = "071dfc062690e90b734c0b2273ce72ad0ffa95f0c74596bc250dcfd960262841"
dependencies = [
 "autocfg",
]

[[package]]
name = "num_enum"
version = "0.5.11"
source = "registry+https://github.com/rust-lang/crates.io-index"
checksum = "1f646caf906c20226733ed5b1374287eb97e3c2a5c227ce668c1f2ce20ae57c9"
dependencies = [
 "num_enum_derive 0.5.11",
]

[[package]]
name = "num_enum"
version = "0.7.3"
source = "registry+https://github.com/rust-lang/crates.io-index"
checksum = "4e613fc340b2220f734a8595782c551f1250e969d87d3be1ae0579e8d4065179"
dependencies = [
 "num_enum_derive 0.7.3",
]

[[package]]
name = "num_enum_derive"
version = "0.5.11"
source = "registry+https://github.com/rust-lang/crates.io-index"
checksum = "dcbff9bc912032c62bf65ef1d5aea88983b420f4f839db1e9b0c281a25c9c799"
dependencies = [
 "proc-macro2",
 "quote",
 "syn 1.0.109",
]

[[package]]
name = "num_enum_derive"
version = "0.7.3"
source = "registry+https://github.com/rust-lang/crates.io-index"
checksum = "af1844ef2428cc3e1cb900be36181049ef3d3193c63e43026cfe202983b27a56"
dependencies = [
 "proc-macro2",
 "quote",
 "syn 2.0.102",
]

[[package]]
name = "once_cell"
version = "1.21.3"
source = "registry+https://github.com/rust-lang/crates.io-index"
checksum = "42f5e15c9953c5e4ccceeb2e7382a716482c34515315f7b03532b8b4e8393d2d"

[[package]]
name = "option-block"
version = "0.3.0"
source = "registry+https://github.com/rust-lang/crates.io-index"
checksum = "e0f2c5d345596a14d7c8b032a68f437955f0059f2eb9a5972371c84f7eef3227"

[[package]]
name = "packed_struct"
version = "0.10.1"
source = "registry+https://github.com/rust-lang/crates.io-index"
checksum = "36b29691432cc9eff8b282278473b63df73bea49bc3ec5e67f31a3ae9c3ec190"
dependencies = [
 "bitvec",
 "packed_struct_codegen",
]

[[package]]
name = "packed_struct_codegen"
version = "0.10.1"
source = "registry+https://github.com/rust-lang/crates.io-index"
checksum = "9cd6706dfe50d53e0f6aa09e12c034c44faacd23e966ae5a209e8bdb8f179f98"
dependencies = [
 "proc-macro2",
 "quote",
 "syn 1.0.109",
]

[[package]]
name = "panic-probe"
version = "1.0.0"
source = "registry+https://github.com/rust-lang/crates.io-index"
checksum = "fd402d00b0fb94c5aee000029204a46884b1262e0c443f166d86d2c0747e1a1a"
dependencies = [
 "cortex-m",
 "defmt",
]

[[package]]
name = "paste"
version = "1.0.15"
source = "registry+https://github.com/rust-lang/crates.io-index"
checksum = "57c0d7b74b563b49d38dae00a0c37d4d6de9b432382b2892f0574ddcae73fd0a"

[[package]]
name = "pio"
version = "0.2.1"
source = "registry+https://github.com/rust-lang/crates.io-index"
checksum = "76e09694b50f89f302ed531c1f2a7569f0be5867aee4ab4f8f729bbeec0078e3"
dependencies = [
 "arrayvec",
 "num_enum 0.5.11",
 "paste",
]

[[package]]
name = "portable-atomic"
version = "1.11.1"
source = "registry+https://github.com/rust-lang/crates.io-index"
checksum = "f84267b20a16ea918e43c6a88433c2d54fa145c92a811b5b047ccbe153674483"

[[package]]
name = "proc-macro-error-attr2"
version = "2.0.0"
source = "registry+https://github.com/rust-lang/crates.io-index"
checksum = "96de42df36bb9bba5542fe9f1a054b8cc87e172759a1868aa05c1f3acc89dfc5"
dependencies = [
 "proc-macro2",
 "quote",
]

[[package]]
name = "proc-macro-error2"
version = "2.0.1"
source = "registry+https://github.com/rust-lang/crates.io-index"
checksum = "11ec05c52be0a07b08061f7dd003e7d7092e0472bc731b4af7bb1ef876109802"
dependencies = [
 "proc-macro-error-attr2",
 "proc-macro2",
 "quote",
 "syn 2.0.102",
]

[[package]]
name = "proc-macro2"
version = "1.0.95"
source = "registry+https://github.com/rust-lang/crates.io-index"
checksum = "02b3e5e68a3a1a02aad3ec490a98007cbc13c37cbe84a3cd7b8e406d76e7f778"
dependencies = [
 "unicode-ident",
]

[[package]]
name = "quote"
version = "1.0.40"
source = "registry+https://github.com/rust-lang/crates.io-index"
checksum = "1885c039570dc00dcb4ff087a89e185fd56bae234ddc7f056a945bf36467248d"
dependencies = [
 "proc-macro2",
]

[[package]]
name = "radium"
version = "0.7.0"
source = "registry+https://github.com/rust-lang/crates.io-index"
checksum = "dc33ff2d4973d518d823d61aa239014831e521c75da58e3df4840d3f47749d09"

[[package]]
name = "rand_core"
version = "0.6.4"
source = "registry+https://github.com/rust-lang/crates.io-index"
checksum = "ec0be4795e2f6a28069bec0b5ff3e2ac9bafc99e6a9a7dc3547996c5c816922c"

[[package]]
name = "read-fonts"
version = "0.29.3"
source = "registry+https://github.com/rust-lang/crates.io-index"
checksum = "04ca636dac446b5664bd16c069c00a9621806895b8bb02c2dc68542b23b8f25d"
dependencies = [
 "bytemuck",
 "font-types",
]

[[package]]
name = "regex"
version = "1.11.1"
source = "registry+https://github.com/rust-lang/crates.io-index"
checksum = "b544ef1b4eac5dc2db33ea63606ae9ffcfac26c1416a2806ae0bf5f56b201191"
dependencies = [
 "aho-corasick",
 "memchr",
 "regex-automata",
 "regex-syntax",
]

[[package]]
name = "regex-automata"
version = "0.4.9"
source = "registry+https://github.com/rust-lang/crates.io-index"
checksum = "809e8dc61f6de73b46c85f4c96486310fe304c434cfa43669d7b40f711150908"
dependencies = [
 "aho-corasick",
 "memchr",
 "regex-syntax",
]

[[package]]
name = "regex-syntax"
version = "0.8.5"
source = "registry+https://github.com/rust-lang/crates.io-index"
checksum = "2b15c43186be67a4fd63bee50d0303afffcef381492ebe2c5d87f324e1b8815c"

[[package]]
name = "rgb"
version = "0.8.50"
source = "registry+https://github.com/rust-lang/crates.io-index"
checksum = "57397d16646700483b67d2dd6511d79318f9d057fdbd21a4066aeac8b41d310a"
dependencies = [
 "bytemuck",
]

[[package]]
name = "ringbuffer"
version = "0.15.0"
source = "registry+https://github.com/rust-lang/crates.io-index"
checksum = "3df6368f71f205ff9c33c076d170dd56ebf68e8161c733c0caa07a7a5509ed53"

[[package]]
name = "rp-binary-info"
version = "0.1.1"
source = "registry+https://github.com/rust-lang/crates.io-index"
checksum = "88ed2051a0bf2c726df01cfce378ed8a367be2a6e402fc183857f429a346d429"

[[package]]
name = "rp-hal-common"
version = "0.1.0"
source = "registry+https://github.com/rust-lang/crates.io-index"
checksum = "8288358786b1458fb2caac8c4b40fb529ef4200d6c46467e2695b7a8ba573ae8"
dependencies = [
 "fugit",
]

[[package]]
name = "rp2040-boot2"
version = "0.3.0"
source = "registry+https://github.com/rust-lang/crates.io-index"
checksum = "7c92f344f63f950ee36cf4080050e4dce850839b9175da38f9d2ffb69b4dbb21"
dependencies = [
 "crc-any",
]

[[package]]
name = "rp2040-flash"
version = "0.6.0"
source = "registry+https://github.com/rust-lang/crates.io-index"
checksum = "d7f460b98d84a71ee3b03930820ff9bbb6927b17b4a2f9724d3cfaa4a8d2d344"
dependencies = [
 "rp2040-hal",
]

[[package]]
name = "rp2040-hal"
version = "0.11.0"
source = "registry+https://github.com/rust-lang/crates.io-index"
checksum = "9fb79a4590775204387f334672e6f79c0d734d0a159da23d60677b3c10fa1245"
dependencies = [
 "bitfield 0.14.0",
 "cortex-m",
 "critical-section",
 "embedded-dma",
 "embedded-hal 0.2.7",
 "embedded-hal 1.0.0",
 "embedded-hal-async",
 "embedded-hal-nb",
 "embedded-io",
 "frunk",
 "fugit",
 "itertools 0.10.5",
 "nb 1.1.0",
 "paste",
 "pio",
 "rand_core",
 "rp-binary-info",
 "rp-hal-common",
 "rp2040-hal-macros",
 "rp2040-pac",
 "usb-device",
 "vcell",
 "void",
]

[[package]]
name = "rp2040-hal-macros"
version = "0.1.0"
source = "registry+https://github.com/rust-lang/crates.io-index"
checksum = "86479063e497efe1ae81995ef9071f54fd1c7427e04d6c5b84cde545ff672a5e"
dependencies = [
 "cortex-m-rt",
 "proc-macro2",
 "quote",
 "syn 1.0.109",
]

[[package]]
name = "rp2040-pac"
version = "0.6.0"
source = "registry+https://github.com/rust-lang/crates.io-index"
checksum = "83cbcd3f7a0ca7bbe61dc4eb7e202842bee4e27b769a7bf3a4a72fa399d6e404"
dependencies = [
 "cortex-m",
 "cortex-m-rt",
 "critical-section",
 "vcell",
]

[[package]]
name = "rustc_version"
version = "0.2.3"
source = "registry+https://github.com/rust-lang/crates.io-index"
checksum = "138e3e0acb6c9fb258b19b67cb8abd63c00679d2851805ea151465464fe9030a"
dependencies = [
 "semver",
]

[[package]]
name = "semver"
version = "0.9.0"
source = "registry+https://github.com/rust-lang/crates.io-index"
checksum = "1d7eb9ef2c18661902cc47e535f9bc51b78acd254da71d375c2f6720d9a40403"
dependencies = [
 "semver-parser",
]

[[package]]
name = "semver-parser"
version = "0.7.0"
source = "registry+https://github.com/rust-lang/crates.io-index"
checksum = "388a1df253eca08550bef6c72392cfe7c30914bf41df5269b68cbd6ff8f570a3"

[[package]]
name = "skrifa"
version = "0.31.3"
source = "registry+https://github.com/rust-lang/crates.io-index"
checksum = "dbeb4ca4399663735553a09dd17ce7e49a0a0203f03b706b39628c4d913a8607"
dependencies = [
 "bytemuck",
 "read-fonts",
]

[[package]]
name = "smallvec"
version = "1.15.1"
source = "registry+https://github.com/rust-lang/crates.io-index"
checksum = "67b1b7a3b5fe4f1376887184045fcf45c69e92af734b7aaddc05fb777b6fbd03"

[[package]]
name = "smart-leds"
version = "0.4.0"
source = "registry+https://github.com/rust-lang/crates.io-index"
checksum = "66df34e571fa9993fa6f99131a374d58ca3d694b75f9baac93458fe0d6057bf0"
dependencies = [
 "smart-leds-trait 0.3.1",
]

[[package]]
name = "smart-leds-trait"
version = "0.2.1"
source = "registry+https://github.com/rust-lang/crates.io-index"
checksum = "ebf6d833fa93f16a1c1874e62c2aebe8567e5bdd436d59bf543ed258b6f7a8e3"
dependencies = [
 "rgb",
]

[[package]]
name = "smart-leds-trait"
version = "0.3.1"
source = "registry+https://github.com/rust-lang/crates.io-index"
checksum = "edeb89c73244414bb0568611690dd095b2358b3fda5bae65ad784806cca00157"
dependencies = [
 "rgb",
]

[[package]]
name = "stable_deref_trait"
version = "1.2.0"
source = "registry+https://github.com/rust-lang/crates.io-index"
checksum = "a8f112729512f8e442d81f95a8a7ddf2b7c6b8a1a6f509a95864142b30cab2d3"

[[package]]
name = "swash"
version = "0.2.5"
source = "registry+https://github.com/rust-lang/crates.io-index"
checksum = "f745de914febc7c9ab4388dfaf94bbc87e69f57bb41133a9b0c84d4be49856f3"
dependencies = [
 "skrifa",
 "yazi",
 "zeno",
]

[[package]]
name = "syn"
version = "1.0.109"
source = "registry+https://github.com/rust-lang/crates.io-index"
checksum = "72b64191b275b66ffe2469e8af2c1cfe3bafa67b529ead792a6d0160888b4237"
dependencies = [
 "proc-macro2",
 "quote",
 "unicode-ident",
]

[[package]]
name = "syn"
version = "2.0.102"
source = "registry+https://github.com/rust-lang/crates.io-index"
checksum = "f6397daf94fa90f058bd0fd88429dd9e5738999cca8d701813c80723add80462"
dependencies = [
 "proc-macro2",
 "quote",
 "unicode-ident",
]

[[package]]
name = "tap"
version = "1.0.1"
source = "registry+https://github.com/rust-lang/crates.io-index"
checksum = "55937e1799185b12863d447f42597ed69d9928686b8d88a1df17376a097d8369"

[[package]]
name = "thiserror"
version = "2.0.12"
source = "registry+https://github.com/rust-lang/crates.io-index"
checksum = "567b8a2dae586314f7be2a752ec7474332959c6460e02bde30d702a66d488708"
dependencies = [
 "thiserror-impl",
]

[[package]]
name = "thiserror-impl"
version = "2.0.12"
source = "registry+https://github.com/rust-lang/crates.io-index"
checksum = "7f7cf42b4507d8ea322120659672cf1b9dbb93f8f2d4ecfd6e51350ff5b17a1d"
dependencies = [
 "proc-macro2",
 "quote",
 "syn 2.0.102",
]

[[package]]
name = "typenum"
version = "1.18.0"
source = "registry+https://github.com/rust-lang/crates.io-index"
checksum = "1dccffe3ce07af9386bfd29e80c0ab1a8205a2fc34e4bcd40364df902cfa8f3f"

[[package]]
name = "unicode-ident"
version = "1.0.18"
source = "registry+https://github.com/rust-lang/crates.io-index"
checksum = "5a5f39404a5da50712a4c1eecf25e90dd62b613502b7e925fd4e4d19b5c96512"

[[package]]
name = "usb-device"
version = "0.3.2"
source = "registry+https://github.com/rust-lang/crates.io-index"
checksum = "98816b1accafbb09085168b90f27e93d790b4bfa19d883466b5e53315b5f06a6"
dependencies = [
 "heapless",
 "portable-atomic",
]

[[package]]
name = "usbd-human-interface-device"
version = "0.5.1"
source = "registry+https://github.com/rust-lang/crates.io-index"
checksum = "2d19fd35b28737afde3b854c0dc354df41fceada782f3add0a8115794eda2624"
dependencies = [
 "frunk",
 "fugit",
 "heapless",
 "num_enum 0.7.3",
 "option-block",
 "packed_struct",
 "usb-device",
]

[[package]]
name = "usbd-serial"
version = "0.2.2"
source = "registry+https://github.com/rust-lang/crates.io-index"
checksum = "065e4eaf93db81d5adac82d9cef8f8da314cb640fa7f89534b972383f1cf80fc"
dependencies = [
 "embedded-hal 0.2.7",
 "embedded-io",
 "nb 1.1.0",
 "usb-device",
]

[[package]]
name = "vcell"
version = "0.1.3"
source = "registry+https://github.com/rust-lang/crates.io-index"
checksum = "77439c1b53d2303b20d9459b1ade71a83c716e3f9c34f3228c00e6f185d6c002"

[[package]]
name = "void"
version = "1.0.2"
source = "registry+https://github.com/rust-lang/crates.io-index"
checksum = "6a02e4885ed3bc0f2de90ea6dd45ebcbb66dacffe03547fadbb0eeae2770887d"

[[package]]
name = "volatile-register"
version = "0.2.2"
source = "registry+https://github.com/rust-lang/crates.io-index"
checksum = "de437e2a6208b014ab52972a27e59b33fa2920d3e00fe05026167a1c509d19cc"
dependencies = [
 "vcell",
]

[[package]]
name = "ws2812-pio"
version = "0.9.0"
source = "registry+https://github.com/rust-lang/crates.io-index"
checksum = "ef27fde9c7b196ae28a24ee85cd50d73d3e39a3306f971090f871e8c6e7c4d24"
dependencies = [
 "cortex-m",
 "embedded-hal 0.2.7",
 "fugit",
 "nb 1.1.0",
 "pio",
 "rp2040-hal",
 "smart-leds-trait 0.2.1",
 "smart-leds-trait 0.3.1",
]

[[package]]
name = "wyz"
version = "0.5.1"
source = "registry+https://github.com/rust-lang/crates.io-index"
checksum = "05f360fc0b24296329c78fda852a1e9ae82de9cf7b27dae4b7f62f118f77b9ed"
dependencies = [
 "tap",
]

[[package]]
name = "yazi"
version = "0.2.1"
source = "registry+https://github.com/rust-lang/crates.io-index"
checksum = "e01738255b5a16e78bbb83e7fbba0a1e7dd506905cfc53f4622d89015a03fbb5"

[[package]]
name = "zeno"
version = "0.3.3"
source = "registry+https://github.com/rust-lang/crates.io-index"
checksum = "6df3dc4292935e51816d896edcd52aa30bc297907c26167fec31e2b0c6a32524"
